
Microsoft Visual Studio Solution File, Format Version 12.00
# Visual Studio Version 17
VisualStudioVersion = 17.4.33103.184
MinimumVisualStudioVersion = 10.0.40219.1
Project("{9A19103F-16F7-4668-BE54-9A1E7A4F7556}") = "BetterConsoleUI", "BetterConsoleUI\BetterConsoleUI.csproj", "{2BFD0F8D-9A8B-4E7A-BA7C-27D07A4AD30C}"
EndProject
Global
	GlobalSection(SolutionConfigurationPlatforms) = preSolution
		Debug|Any CPU = Debug|Any CPU
		Release|Any CPU = Release|Any CPU
	EndGlobalSection
	GlobalSection(ProjectConfigurationPlatforms) = postSolution
		{2BFD0F8D-9A8B-4E7A-BA7C-27D07A4AD30C}.Debug|Any CPU.ActiveCfg = Debug|Any CPU
		{2BFD0F8D-9A8B-4E7A-BA7C-27D07A4AD30C}.Debug|Any CPU.Build.0 = Debug|Any CPU
		{2BFD0F8D-9A8B-4E7A-BA7C-27D07A4AD30C}.Release|Any CPU.ActiveCfg = Release|Any CPU
		{2BFD0F8D-9A8B-4E7A-BA7C-27D07A4AD30C}.Release|Any CPU.Build.0 = Release|Any CPU
	EndGlobalSection
	GlobalSection(SolutionProperties) = preSolution
		HideSolutionNode = FALSE
	EndGlobalSection
	GlobalSection(ExtensibilityGlobals) = postSolution
		SolutionGuid = {525ECD28-E777-40BE-BDE5-42E255B0EC46}
	EndGlobalSection
EndGlobal
